
Microsoft Visual Studio Solution File, Format Version 12.00
# Visual Studio for Mac
Project("{FAE04EC0-301F-11D3-BF4B-00C04F79EFBC}") = "Assembly-CSharp", "Assembly-CSharp.csproj", "{E7A60465-307F-78AE-D176-20BA53FBBF98}"
EndProject
Project("{FAE04EC0-301F-11D3-BF4B-00C04F79EFBC}") = "Assembly-CSharp-Editor", "Assembly-CSharp-Editor.csproj", "{42E04B9F-6C83-85FC-BA20-3E4078C6113F}"
EndProject
Global
	GlobalSection(SolutionConfigurationPlatforms) = preSolution
		Debug|Any CPU = Debug|Any CPU
		Release|Any CPU = Release|Any CPU
	EndGlobalSection
	GlobalSection(ProjectConfigurationPlatforms) = postSolution
		{E7A60465-307F-78AE-D176-20BA53FBBF98}.Debug|Any CPU.ActiveCfg = Debug|Any CPU
		{E7A60465-307F-78AE-D176-20BA53FBBF98}.Debug|Any CPU.Build.0 = Debug|Any CPU
		{E7A60465-307F-78AE-D176-20BA53FBBF98}.Release|Any CPU.ActiveCfg = Release|Any CPU
		{E7A60465-307F-78AE-D176-20BA53FBBF98}.Release|Any CPU.Build.0 = Release|Any CPU
		{42E04B9F-6C83-85FC-BA20-3E4078C6113F}.Debug|Any CPU.ActiveCfg = Debug|Any CPU
		{42E04B9F-6C83-85FC-BA20-3E4078C6113F}.Debug|Any CPU.Build.0 = Debug|Any CPU
		{42E04B9F-6C83-85FC-BA20-3E4078C6113F}.Release|Any CPU.ActiveCfg = Release|Any CPU
		{42E04B9F-6C83-85FC-BA20-3E4078C6113F}.Release|Any CPU.Build.0 = Release|Any CPU
	EndGlobalSection
	GlobalSection(SolutionProperties) = preSolution
		HideSolutionNode = FALSE
	EndGlobalSection
EndGlobal
